
Microsoft Visual Studio Solution File, Format Version 12.00
# Visual Studio 15
VisualStudioVersion = 15.0.27004.2008
MinimumVisualStudioVersion = 10.0.40219.1
Project("{8BC9CEB8-8B4A-11D0-8D11-00A0C91BC942}") = "Лаба по ЯП 3", "Лаба по ЯП 3\Лаба по ЯП 3.vcxproj", "{E2901FA1-C3BC-4B48-87A0-A5CA881A1873}"
EndProject
Global
	GlobalSection(SolutionConfigurationPlatforms) = preSolution
		Debug|x64 = Debug|x64
		Debug|x86 = Debug|x86
		Release|x64 = Release|x64
		Release|x86 = Release|x86
	EndGlobalSection
	GlobalSection(ProjectConfigurationPlatforms) = postSolution
		{E2901FA1-C3BC-4B48-87A0-A5CA881A1873}.Debug|x64.ActiveCfg = Debug|x64
		{E2901FA1-C3BC-4B48-87A0-A5CA881A1873}.Debug|x64.Build.0 = Debug|x64
		{E2901FA1-C3BC-4B48-87A0-A5CA881A1873}.Debug|x86.ActiveCfg = Debug|Win32
		{E2901FA1-C3BC-4B48-87A0-A5CA881A1873}.Debug|x86.Build.0 = Debug|Win32
		{E2901FA1-C3BC-4B48-87A0-A5CA881A1873}.Release|x64.ActiveCfg = Release|x64
		{E2901FA1-C3BC-4B48-87A0-A5CA881A1873}.Release|x64.Build.0 = Release|x64
		{E2901FA1-C3BC-4B48-87A0-A5CA881A1873}.Release|x86.ActiveCfg = Release|Win32
		{E2901FA1-C3BC-4B48-87A0-A5CA881A1873}.Release|x86.Build.0 = Release|Win32
	EndGlobalSection
	GlobalSection(SolutionProperties) = preSolution
		HideSolutionNode = FALSE
	EndGlobalSection
	GlobalSection(ExtensibilityGlobals) = postSolution
		SolutionGuid = {17B48A3C-177F-40C5-9151-D77B169886A9}
	EndGlobalSection
EndGlobal
